schema: '2.0'
stages:
  build_endes:
    cmd: python 05_pipeline/src/build_endes_dataset.py
    deps:
    - path: 05_pipeline/src/build_endes_dataset.py
      hash: md5
      md5: 08004f8db3c9738da416c950bab58214
      size: 14768
    - path: data/raw
      hash: md5
      md5: 44f7f7db3bd13a1e39270d84a81e5c47.dir
      size: 136547162
      nfiles: 18
    params:
      params.yaml:
        data:
          years:
          - 2019
          - 2020
          - 2021
          - 2022
          - 2023
          - 2024
          age_months_min: 6
          age_months_max: 35
          primary_outcome: anemia_legacy
    outs:
    - path: data/processed/endes_anemia_children_2019_2024.csv
      hash: md5
      md5: 0cc36327ab8e39e839412e4e30f9c2da
      size: 4215951
  analyze_endes:
    cmd: python 05_pipeline/src/analyze_endes.py
    deps:
    - path: 05_pipeline/src/analyze_endes.py
      hash: md5
      md5: 71392a665aba65330e056218a3a07b41
      size: 3610
    - path: data/processed/endes_anemia_children_2019_2024.csv
      hash: md5
      md5: 0cc36327ab8e39e839412e4e30f9c2da
      size: 4215951
    params:
      params.yaml:
        analysis:
          descriptive_weight: survey_weight
  experiments:
    cmd: python 05_pipeline/src/run_experiments.py
    deps:
    - path: 05_pipeline/src/run_experiments.py
      hash: md5
      md5: 3c4edf33cb37246c210c9c783f54a8ff
      size: 2573
    - path: 05_pipeline/src/train.py
      hash: md5
      md5: 7355e133ccd7052183ff593570657b90
      size: 3844
    - path: data/processed/endes_anemia_children_2019_2024.csv
      hash: md5
      md5: 0cc36327ab8e39e839412e4e30f9c2da
      size: 4215951
    params:
      params.yaml:
        experiments:
          seeds:
          - 13
          - 21
          - 42
          - 87
          - 100
          test_size: 0.25
          primary_model: logistic_regression
